Microsoft Visual Studio Solution File, Format Version 11.00
# Visual Studio 2008

Project("{51EBE202-2D00-2335-FA60-EB6C08EDDFBB}") = "WebGLStudy", "Assembly-CSharp.csproj", "{96A3CF18-AD30-54BB-DCD3-A71A17C97E17}"
EndProject
Global
	GlobalSection(SolutionConfigurationPlatforms) = preSolution
		Debug|Any CPU = Debug|Any CPU
		Release|Any CPU = Release|Any CPU
	EndGlobalSection
	GlobalSection(ProjectConfigurationPlatforms) = postSolution
		{96A3CF18-AD30-54BB-DCD3-A71A17C97E17}.Debug|Any CPU.ActiveCfg = Debug|Any CPU
		{96A3CF18-AD30-54BB-DCD3-A71A17C97E17}.Debug|Any CPU.Build.0 = Debug|Any CPU
		{96A3CF18-AD30-54BB-DCD3-A71A17C97E17}.Release|Any CPU.ActiveCfg = Release|Any CPU
		{96A3CF18-AD30-54BB-DCD3-A71A17C97E17}.Release|Any CPU.Build.0 = Release|Any CPU
	EndGlobalSection
	GlobalSection(SolutionProperties) = preSolution
		HideSolutionNode = FALSE
	EndGlobalSection
	GlobalSection(MonoDevelopProperties) = preSolution
		StartupItem = Assembly-CSharp.csproj
	EndGlobalSection
EndGlobal
